
Microsoft Visual Studio Solution File, Format Version 12.00
# Visual Studio Version 17
VisualStudioVersion = 17.3.32901.215
MinimumVisualStudioVersion = 10.0.40219.1
Project("{8BC9CEB8-8B4A-11D0-8D11-00A0C91BC942}") = "JGS-Universal", "JGS-Universal\JGS-Universal.vcxproj", "{C1BC8D93-DF52-41C2-A150-439D01C5A9E0}"
EndProject
Global
	GlobalSection(SolutionConfigurationPlatforms) = preSolution
		Build|x64 = Build|x64
	EndGlobalSection
	GlobalSection(ProjectConfigurationPlatforms) = postSolution
		{C1BC8D93-DF52-41C2-A150-439D01C5A9E0}.Build|x64.ActiveCfg = Build|x64
		{C1BC8D93-DF52-41C2-A150-439D01C5A9E0}.Build|x64.Build.0 = Build|x64
	EndGlobalSection
	GlobalSection(SolutionProperties) = preSolution
		HideSolutionNode = FALSE
	EndGlobalSection
	GlobalSection(ExtensibilityGlobals) = postSolution
		SolutionGuid = {5492C8E7-EC55-47DA-8D3A-033678732912}
	EndGlobalSection
EndGlobal
